// !$*UTF8*$!
{
	archiveVersion = 1;
	classes = {
	};
	objectVersion = 56;
	objects = {

/* Begin PBXBuildFile section */
		4CC15CB12AECED03005150EC /* AppDelegate.m in Sources */ = {isa = PBXBuildFile; fileRef = 4CC15CB02AECED03005150EC /* AppDelegate.m */; };
		4CC15CB32AECED03005150EC /* Assets.xcassets in Resources */ = {isa = PBXBuildFile; fileRef = 4CC15CB22AECED03005150EC /* Assets.xcassets */; };
		4CC15CB62AECED03005150EC /* MainMenu.xib in Resources */ = {isa = PBXBuildFile; fileRef = 4CC15CB42AECED03005150EC /* MainMenu.xib */; };
		4CC15CB82AECED03005150EC /* main.m in Sources */ = {isa = PBXBuildFile; fileRef = 4CC15CB72AECED03005150EC /* main.m */; };
		4CC15CCE2AED072C005150EC /* IOHID.m in Sources */ = {isa = PBXBuildFile; fileRef = 4CC15CCD2AED072C005150EC /* IOHID.m */; };
		4CC15CDD2AF12511005150EC /* main.m in Sources */ = {isa = PBXBuildFile; fileRef = 4CC15CDC2AF12511005150EC /* main.m */; };
		4CC15CE12AF1269B005150EC /* IOHID.m in Sources */ = {isa = PBXBuildFile; fileRef = 4CC15CCD2AED072C005150EC /* IOHID.m */; };
/* End PBXBuildFile section */

/* Begin PBXCopyFilesBuildPhase section */
		4CC15CD82AF12511005150EC /* CopyFiles */ = {
			isa = PBXCopyFilesBuildPhase;
			buildActionMask = 2147483647;
			dstPath = /usr/share/man/man1/;
			dstSubfolderSpec = 0;
			files = (
			);
			runOnlyForDeploymentPostprocessing = 1;
		};
/* End PBXCopyFilesBuildPhase section */

/* Begin PBXFileReference section */
		4CC15CAC2AECED03005150EC /* TinyTemp.app */ = {isa = PBXFileReference; explicitFileType = wrapper.application; includeInIndex = 0; path = TinyTemp.app; sourceTree = BUILT_PRODUCTS_DIR; };
		4CC15CAF2AECED03005150EC /* AppDelegate.h */ = {isa = PBXFileReference; lastKnownFileType = sourcecode.c.h; path = AppDelegate.h; sourceTree = "<group>"; };
		4CC15CB02AECED03005150EC /* AppDelegate.m */ = {isa = PBXFileReference; lastKnownFileType = sourcecode.c.objc; path = AppDelegate.m; sourceTree = "<group>"; };
		4CC15CB22AECED03005150EC /* Assets.xcassets */ = {isa = PBXFileReference; lastKnownFileType = folder.assetcatalog; path = Assets.xcassets; sourceTree = "<group>"; };
		4CC15CB52AECED03005150EC /* Base */ = {isa = PBXFileReference; lastKnownFileType = file.xib; name = Base; path = Base.lproj/MainMenu.xib; sourceTree = "<group>"; };
		4CC15CB72AECED03005150EC /* main.m */ = {isa = PBXFileReference; lastKnownFileType = sourcecode.c.objc; path = main.m; sourceTree = "<group>"; };
		4CC15CB92AECED03005150EC /* TinyTemp.entitlements */ = {isa = PBXFileReference; lastKnownFileType = text.plist.entitlements; path = TinyTemp.entitlements; sourceTree = "<group>"; };
		4CC15CC12AECF122005150EC /* SMC.m */ = {isa = PBXFileReference; fileEncoding = 4; lastKnownFileType = sourcecode.c.objc; path = SMC.m; sourceTree = "<group>"; };
		4CC15CC22AECF122005150EC /* SMC.h */ = {isa = PBXFileReference; fileEncoding = 4; lastKnownFileType = sourcecode.c.h; path = SMC.h; sourceTree = "<group>"; };
		4CC15CC32AECF123005150EC /* SMC-Internal.h */ = {isa = PBXFileReference; fileEncoding = 4; lastKnownFileType = sourcecode.c.h; path = "SMC-Internal.h"; sourceTree = "<group>"; };
		4CC15CCC2AED072C005150EC /* IOHID.h */ = {isa = PBXFileReference; fileEncoding = 4; lastKnownFileType = sourcecode.c.h; path = IOHID.h; sourceTree = "<group>"; };
		4CC15CCD2AED072C005150EC /* IOHID.m */ = {isa = PBXFileReference; fileEncoding = 4; lastKnownFileType = sourcecode.c.objc; path = IOHID.m; sourceTree = "<group>"; };
		4CC15CDA2AF12511005150EC /* dump-sensors */ = {isa = PBXFileReference; explicitFileType = "compiled.mach-o.executable"; includeInIndex = 0; path = "dump-sensors"; sourceTree = BUILT_PRODUCTS_DIR; };
		4CC15CDC2AF12511005150EC /* main.m */ = {isa = PBXFileReference; lastKnownFileType = sourcecode.c.objc; path = main.m; sourceTree = "<group>"; };
		4CC15CE22AF22D99005150EC /* Info.plist */ = {isa = PBXFileReference; lastKnownFileType = text.plist; path = Info.plist; sourceTree = "<group>"; };
/* End PBXFileReference section */

/* Begin PBXFrameworksBuildPhase section */
		4CC15CA92AECED03005150EC /* Frameworks */ = {
			isa = PBXFrameworksBuildPhase;
			buildActionMask = 2147483647;
			files = (
			);
			runOnlyForDeploymentPostprocessing = 0;
		};
		4CC15CD72AF12511005150EC /* Frameworks */ = {
			isa = PBXFrameworksBuildPhase;
			buildActionMask = 2147483647;
			files = (
			);
			runOnlyForDeploymentPostprocessing = 0;
		};
/* End PBXFrameworksBuildPhase section */

/* Begin PBXGroup section */
		4CC15CA32AECED03005150EC = {
			isa = PBXGroup;
			children = (
				4CC15CAE2AECED03005150EC /* TinyTemp */,
				4CC15CDB2AF12511005150EC /* dump-sensors */,
				4CC15CAD2AECED03005150EC /* Products */,
			);
			sourceTree = "<group>";
		};
		4CC15CAD2AECED03005150EC /* Products */ = {
			isa = PBXGroup;
			children = (
				4CC15CAC2AECED03005150EC /* TinyTemp.app */,
				4CC15CDA2AF12511005150EC /* dump-sensors */,
			);
			name = Products;
			sourceTree = "<group>";
		};
		4CC15CAE2AECED03005150EC /* TinyTemp */ = {
			isa = PBXGroup;
			children = (
				4CC15CE22AF22D99005150EC /* Info.plist */,
				4CC15CCA2AED06D5005150EC /* IOHID */,
				4CC15CBF2AECF0FE005150EC /* SMC */,
				4CC15CAF2AECED03005150EC /* AppDelegate.h */,
				4CC15CB02AECED03005150EC /* AppDelegate.m */,
				4CC15CB22AECED03005150EC /* Assets.xcassets */,
				4CC15CB42AECED03005150EC /* MainMenu.xib */,
				4CC15CB72AECED03005150EC /* main.m */,
				4CC15CB92AECED03005150EC /* TinyTemp.entitlements */,
			);
			path = TinyTemp;
			sourceTree = "<group>";
		};
		4CC15CBF2AECF0FE005150EC /* SMC */ = {
			isa = PBXGroup;
			children = (
				4CC15CC32AECF123005150EC /* SMC-Internal.h */,
				4CC15CC22AECF122005150EC /* SMC.h */,
				4CC15CC12AECF122005150EC /* SMC.m */,
			);
			path = SMC;
			sourceTree = "<group>";
		};
		4CC15CCA2AED06D5005150EC /* IOHID */ = {
			isa = PBXGroup;
			children = (
				4CC15CCC2AED072C005150EC /* IOHID.h */,
				4CC15CCD2AED072C005150EC /* IOHID.m */,
			);
			path = IOHID;
			sourceTree = "<group>";
		};
		4CC15CDB2AF12511005150EC /* dump-sensors */ = {
			isa = PBXGroup;
			children = (
				4CC15CDC2AF12511005150EC /* main.m */,
			);
			path = "dump-sensors";
			sourceTree = "<group>";
		};
/* End PBXGroup section */

/* Begin PBXNativeTarget section */
		4CC15CAB2AECED03005150EC /* TinyTemp */ = {
			isa = PBXNativeTarget;
			buildConfigurationList = 4CC15CBC2AECED03005150EC /* Build configuration list for PBXNativeTarget "TinyTemp" */;
			buildPhases = (
				4CC15CA82AECED03005150EC /* Sources */,
				4CC15CA92AECED03005150EC /* Frameworks */,
				4CC15CAA2AECED03005150EC /* Resources */,
			);
			buildRules = (
			);
			dependencies = (
			);
			name = TinyTemp;
			productName = TinyTemp;
			productReference = 4CC15CAC2AECED03005150EC /* TinyTemp.app */;
			productType = "com.apple.product-type.application";
		};
		4CC15CD92AF12511005150EC /* dump-sensors */ = {
			isa = PBXNativeTarget;
			buildConfigurationList = 4CC15CDE2AF12511005150EC /* Build configuration list for PBXNativeTarget "dump-sensors" */;
			buildPhases = (
				4CC15CD62AF12511005150EC /* Sources */,
				4CC15CD72AF12511005150EC /* Frameworks */,
				4CC15CD82AF12511005150EC /* CopyFiles */,
			);
			buildRules = (
			);
			dependencies = (
			);
			name = "dump-sensors";
			productName = "dump-sensors";
			productReference = 4CC15CDA2AF12511005150EC /* dump-sensors */;
			productType = "com.apple.product-type.tool";
		};
/* End PBXNativeTarget section */

/* Begin PBXProject section */
		4CC15CA42AECED03005150EC /* Project object */ = {
			isa = PBXProject;
			attributes = {
				BuildIndependentTargetsInParallel = 1;
				LastUpgradeCheck = 1500;
				TargetAttributes = {
					4CC15CAB2AECED03005150EC = {
						CreatedOnToolsVersion = 15.0.1;
					};
					4CC15CD92AF12511005150EC = {
						CreatedOnToolsVersion = 15.0.1;
					};
				};
			};
			buildConfigurationList = 4CC15CA72AECED03005150EC /* Build configuration list for PBXProject "TinyTemp" */;
			compatibilityVersion = "Xcode 14.0";
			developmentRegion = en;
			hasScannedForEncodings = 0;
			knownRegions = (
				en,
				Base,
			);
			mainGroup = 4CC15CA32AECED03005150EC;
			productRefGroup = 4CC15CAD2AECED03005150EC /* Products */;
			projectDirPath = "";
			projectRoot = "";
			targets = (
				4CC15CAB2AECED03005150EC /* TinyTemp */,
				4CC15CD92AF12511005150EC /* dump-sensors */,
			);
		};
/* End PBXProject section */

/* Begin PBXResourcesBuildPhase section */
		4CC15CAA2AECED03005150EC /* Resources */ = {
			isa = PBXResourcesBuildPhase;
			buildActionMask = 2147483647;
			files = (
				4CC15CB32AECED03005150EC /* Assets.xcassets in Resources */,
				4CC15CB62AECED03005150EC /* MainMenu.xib in Resources */,
			);
			runOnlyForDeploymentPostprocessing = 0;
		};
/* End PBXResourcesBuildPhase section */

/* Begin PBXSourcesBuildPhase section */
		4CC15CA82AECED03005150EC /* Sources */ = {
			isa = PBXSourcesBuildPhase;
			buildActionMask = 2147483647;
			files = (
				4CC15CB82AECED03005150EC /* main.m in Sources */,
				4CC15CB12AECED03005150EC /* AppDelegate.m in Sources */,
				4CC15CCE2AED072C005150EC /* IOHID.m in Sources */,
			);
			runOnlyForDeploymentPostprocessing = 0;
		};
		4CC15CD62AF12511005150EC /* Sources */ = {
			isa = PBXSourcesBuildPhase;
			buildActionMask = 2147483647;
			files = (
				4CC15CE12AF1269B005150EC /* IOHID.m in Sources */,
				4CC15CDD2AF12511005150EC /* main.m in Sources */,
			);
			runOnlyForDeploymentPostprocessing = 0;
		};
/* End PBXSourcesBuildPhase section */

/* Begin PBXVariantGroup section */
		4CC15CB42AECED03005150EC /* MainMenu.xib */ = {
			isa = PBXVariantGroup;
			children = (
				4CC15CB52AECED03005150EC /* Base */,
			);
			name = MainMenu.xib;
			sourceTree = "<group>";
		};
/* End PBXVariantGroup section */

/* Begin XCBuildConfiguration section */
		4CC15CBA2AECED03005150EC /* Debug */ = {
			isa = XCBuildConfiguration;
			buildSettings = {
				ALWAYS_SEARCH_USER_PATHS = NO;
				ASSETCATALOG_COMPILER_GENERATE_SWIFT_ASSET_SYMBOL_EXTENSIONS = YES;
				CLANG_ANALYZER_NONNULL = YES;
				CLANG_ANALYZER_NUMBER_OBJECT_CONVERSION = YES_AGGRESSIVE;
				CLANG_CXX_LANGUAGE_STANDARD = "gnu++20";
				CLANG_ENABLE_MODULES = YES;
				CLANG_ENABLE_OBJC_ARC = YES;
				CLANG_ENABLE_OBJC_WEAK = YES;
				CLANG_WARN_BLOCK_CAPTURE_AUTORELEASING = YES;
				CLANG_WARN_BOOL_CONVERSION = YES;
				CLANG_WARN_COMMA = YES;
				CLANG_WARN_CONSTANT_CONVERSION = YES;
				CLANG_WARN_DEPRECATED_OBJC_IMPLEMENTATIONS = YES;
				CLANG_WARN_DIRECT_OBJC_ISA_USAGE = YES_ERROR;
				CLANG_WARN_DOCUMENTATION_COMMENTS = YES;
				CLANG_WARN_EMPTY_BODY = YES;
				CLANG_WARN_ENUM_CONVERSION = YES;
				CLANG_WARN_INFINITE_RECURSION = YES;
				CLANG_WARN_INT_CONVERSION = YES;
				CLANG_WARN_NON_LITERAL_NULL_CONVERSION = YES;
				CLANG_WARN_OBJC_IMPLICIT_RETAIN_SELF = YES;
				CLANG_WARN_OBJC_LITERAL_CONVERSION = YES;
				CLANG_WARN_OBJC_ROOT_CLASS = YES_ERROR;
				CLANG_WARN_QUOTED_INCLUDE_IN_FRAMEWORK_HEADER = YES;
				CLANG_WARN_RANGE_LOOP_ANALYSIS = YES;
				CLANG_WARN_STRICT_PROTOTYPES = YES;
				CLANG_WARN_SUSPICIOUS_MOVE = YES;
				CLANG_WARN_UNGUARDED_AVAILABILITY = YES_AGGRESSIVE;
				CLANG_WARN_UNREACHABLE_CODE = YES;
				CLANG_WARN__DUPLICATE_METHOD_MATCH = YES;
				COPY_PHASE_STRIP = NO;
				DEBUG_INFORMATION_FORMAT = dwarf;
				ENABLE_STRICT_OBJC_MSGSEND = YES;
				ENABLE_TESTABILITY = YES;
				ENABLE_USER_SCRIPT_SANDBOXING = YES;
				GCC_C_LANGUAGE_STANDARD = gnu17;
				GCC_DYNAMIC_NO_PIC = NO;
				GCC_NO_COMMON_BLOCKS = YES;
				GCC_OPTIMIZATION_LEVEL = 0;
				GCC_PREPROCESSOR_DEFINITIONS = (
					"DEBUG=1",
					"$(inherited)",
				);
				GCC_WARN_64_TO_32_BIT_CONVERSION = YES;
				GCC_WARN_ABOUT_RETURN_TYPE = YES_ERROR;
				GCC_WARN_UNDECLARED_SELECTOR = YES;
				GCC_WARN_UNINITIALIZED_AUTOS = YES_AGGRESSIVE;
				GCC_WARN_UNUSED_FUNCTION = YES;
				GCC_WARN_UNUSED_VARIABLE = YES;
				LOCALIZATION_PREFERS_STRING_CATALOGS = YES;
				MACOSX_DEPLOYMENT_TARGET = 14.0;
				MTL_ENABLE_DEBUG_INFO = INCLUDE_SOURCE;
				MTL_FAST_MATH = YES;
				ONLY_ACTIVE_ARCH = YES;
				SDKROOT = macosx;
			};
			name = Debug;
		};
		4CC15CBB2AECED03005150EC /* Release */ = {
			isa = XCBuildConfiguration;
			buildSettings = {
				ALWAYS_SEARCH_USER_PATHS = NO;
				ASSETCATALOG_COMPILER_GENERATE_SWIFT_ASSET_SYMBOL_EXTENSIONS = YES;
				CLANG_ANALYZER_NONNULL = YES;
				CLANG_ANALYZER_NUMBER_OBJECT_CONVERSION = YES_AGGRESSIVE;
				CLANG_CXX_LANGUAGE_STANDARD = "gnu++20";
				CLANG_ENABLE_MODULES = YES;
				CLANG_ENABLE_OBJC_ARC = YES;
				CLANG_ENABLE_OBJC_WEAK = YES;
				CLANG_WARN_BLOCK_CAPTURE_AUTORELEASING = YES;
				CLANG_WARN_BOOL_CONVERSION = YES;
				CLANG_WARN_COMMA = YES;
				CLANG_WARN_CONSTANT_CONVERSION = YES;
				CLANG_WARN_DEPRECATED_OBJC_IMPLEMENTATIONS = YES;
				CLANG_WARN_DIRECT_OBJC_ISA_USAGE = YES_ERROR;
				CLANG_WARN_DOCUMENTATION_COMMENTS = YES;
				CLANG_WARN_EMPTY_BODY = YES;
				CLANG_WARN_ENUM_CONVERSION = YES;
				CLANG_WARN_INFINITE_RECURSION = YES;
				CLANG_WARN_INT_CONVERSION = YES;
				CLANG_WARN_NON_LITERAL_NULL_CONVERSION = YES;
				CLANG_WARN_OBJC_IMPLICIT_RETAIN_SELF = YES;
				CLANG_WARN_OBJC_LITERAL_CONVERSION = YES;
				CLANG_WARN_OBJC_ROOT_CLASS = YES_ERROR;
				CLANG_WARN_QUOTED_INCLUDE_IN_FRAMEWORK_HEADER = YES;
				CLANG_WARN_RANGE_LOOP_ANALYSIS = YES;
				CLANG_WARN_STRICT_PROTOTYPES = YES;
				CLANG_WARN_SUSPICIOUS_MOVE = YES;
				CLANG_WARN_UNGUARDED_AVAILABILITY = YES_AGGRESSIVE;
				CLANG_WARN_UNREACHABLE_CODE = YES;
				CLANG_WARN__DUPLICATE_METHOD_MATCH = YES;
				COPY_PHASE_STRIP = NO;
				DEBUG_INFORMATION_FORMAT = "dwarf-with-dsym";
				ENABLE_NS_ASSERTIONS = NO;
				ENABLE_STRICT_OBJC_MSGSEND = YES;
				ENABLE_USER_SCRIPT_SANDBOXING = YES;
				GCC_C_LANGUAGE_STANDARD = gnu17;
				GCC_NO_COMMON_BLOCKS = YES;
				GCC_WARN_64_TO_32_BIT_CONVERSION = YES;
				GCC_WARN_ABOUT_RETURN_TYPE = YES_ERROR;
				GCC_WARN_UNDECLARED_SELECTOR = YES;
				GCC_WARN_UNINITIALIZED_AUTOS = YES_AGGRESSIVE;
				GCC_WARN_UNUSED_FUNCTION = YES;
				GCC_WARN_UNUSED_VARIABLE = YES;
				LOCALIZATION_PREFERS_STRING_CATALOGS = YES;
				MACOSX_DEPLOYMENT_TARGET = 14.0;
				MTL_ENABLE_DEBUG_INFO = NO;
				MTL_FAST_MATH = YES;
				SDKROOT = macosx;
			};
			name = Release;
		};
		4CC15CBD2AECED03005150EC /* Debug */ = {
			isa = XCBuildConfiguration;
			buildSettings = {
				ARCHS = arm64;
				ASSETCATALOG_COMPILER_APPICON_NAME = AppIcon;
				ASSETCATALOG_COMPILER_GLOBAL_ACCENT_COLOR_NAME = AccentColor;
				CODE_SIGN_ENTITLEMENTS = TinyTemp/TinyTemp.entitlements;
				CODE_SIGN_STYLE = Automatic;
				COMBINE_HIDPI_IMAGES = YES;
				CURRENT_PROJECT_VERSION = 6;
				DEVELOPMENT_TEAM = B42PBJA6QF;
				ENABLE_HARDENED_RUNTIME = YES;
				GENERATE_INFOPLIST_FILE = YES;
				INFOPLIST_FILE = TinyTemp/Info.plist;
				INFOPLIST_KEY_LSApplicationCategoryType = "public.app-category.utilities";
				INFOPLIST_KEY_LSUIElement = YES;
				INFOPLIST_KEY_NSHumanReadableCopyright = "";
				INFOPLIST_KEY_NSPrincipalClass = NSApplication;
				LD_RUNPATH_SEARCH_PATHS = (
					"$(inherited)",
					"@executable_path/../Frameworks",
				);
				MACOSX_DEPLOYMENT_TARGET = 13.0;
				MARKETING_VERSION = 1.31;
				PRODUCT_BUNDLE_IDENTIFIER = "de.udo-thiel.TinyTemp";
				PRODUCT_NAME = "$(TARGET_NAME)";
				SWIFT_EMIT_LOC_STRINGS = YES;
			};
			name = Debug;
		};
		4CC15CBE2AECED03005150EC /* Release */ = {
			isa = XCBuildConfiguration;
			buildSettings = {
				ARCHS = arm64;
				ASSETCATALOG_COMPILER_APPICON_NAME = AppIcon;
				ASSETCATALOG_COMPILER_GLOBAL_ACCENT_COLOR_NAME = AccentColor;
				CODE_SIGN_ENTITLEMENTS = TinyTemp/TinyTemp.entitlements;
				CODE_SIGN_STYLE = Automatic;
				COMBINE_HIDPI_IMAGES = YES;
				CURRENT_PROJECT_VERSION = 6;
				DEVELOPMENT_TEAM = B42PBJA6QF;
				ENABLE_HARDENED_RUNTIME = YES;
				GENERATE_INFOPLIST_FILE = YES;
				INFOPLIST_FILE = TinyTemp/Info.plist;
				INFOPLIST_KEY_LSApplicationCategoryType = "public.app-category.utilities";
				INFOPLIST_KEY_LSUIElement = YES;
				INFOPLIST_KEY_NSHumanReadableCopyright = "";
				INFOPLIST_KEY_NSPrincipalClass = NSApplication;
				LD_RUNPATH_SEARCH_PATHS = (
					"$(inherited)",
					"@executable_path/../Frameworks",
				);
				MACOSX_DEPLOYMENT_TARGET = 13.0;
				MARKETING_VERSION = 1.31;
				PRODUCT_BUNDLE_IDENTIFIER = "de.udo-thiel.TinyTemp";
				PRODUCT_NAME = "$(TARGET_NAME)";
				SWIFT_EMIT_LOC_STRINGS = YES;
			};
			name = Release;
		};
		4CC15CDF2AF12511005150EC /* Debug */ = {
			isa = XCBuildConfiguration;
			buildSettings = {
				CODE_SIGN_STYLE = Automatic;
				DEVELOPMENT_TEAM = B42PBJA6QF;
				ENABLE_HARDENED_RUNTIME = YES;
				PRODUCT_BUNDLE_IDENTIFIER = "de.udo-thiel.TinyTemp";
				PRODUCT_NAME = "$(TARGET_NAME)";
			};
			name = Debug;
		};
		4CC15CE02AF12511005150EC /* Release */ = {
			isa = XCBuildConfiguration;
			buildSettings = {
				CODE_SIGN_STYLE = Automatic;
				DEVELOPMENT_TEAM = B42PBJA6QF;
				ENABLE_HARDENED_RUNTIME = YES;
				PRODUCT_BUNDLE_IDENTIFIER = "de.udo-thiel.TinyTemp";
				PRODUCT_NAME = "$(TARGET_NAME)";
			};
			name = Release;
		};
/* End XCBuildConfiguration section */

/* Begin XCConfigurationList section */
		4CC15CA72AECED03005150EC /* Build configuration list for PBXProject "TinyTemp" */ = {
			isa = XCConfigurationList;
			buildConfigurations = (
				4CC15CBA2AECED03005150EC /* Debug */,
				4CC15CBB2AECED03005150EC /* Release */,
			);
			defaultConfigurationIsVisible = 0;
			defaultConfigurationName = Release;
		};
		4CC15CBC2AECED03005150EC /* Build configuration list for PBXNativeTarget "TinyTemp" */ = {
			isa = XCConfigurationList;
			buildConfigurations = (
				4CC15CBD2AECED03005150EC /* Debug */,
				4CC15CBE2AECED03005150EC /* Release */,
			);
			defaultConfigurationIsVisible = 0;
			defaultConfigurationName = Release;
		};
		4CC15CDE2AF12511005150EC /* Build configuration list for PBXNativeTarget "dump-sensors" */ = {
			isa = XCConfigurationList;
			buildConfigurations = (
				4CC15CDF2AF12511005150EC /* Debug */,
				4CC15CE02AF12511005150EC /* Release */,
			);
			defaultConfigurationIsVisible = 0;
			defaultConfigurationName = Release;
		};
/* End XCConfigurationList section */
	};
	rootObject = 4CC15CA42AECED03005150EC /* Project object */;
}
